
Microsoft Visual Studio Solution File, Format Version 12.00
# Visual Studio Version 17
VisualStudioVersion = 17.4.33205.214
MinimumVisualStudioVersion = 10.0.40219.1
Project("{9A19103F-16F7-4668-BE54-9A1E7A4F7556}") = "SN.ConsoleApp", "SN.Console\SN.ConsoleApp.csproj", "{7AD5E4B9-D0CB-4547-A988-491B0D1FB5FB}"
EndProject
Project("{9A19103F-16F7-4668-BE54-9A1E7A4F7556}") = "SN.Application", "SN.Application\SN.Application.csproj", "{5900DAD9-8B41-498F-8377-AC1E44F18568}"
EndProject
Project("{9A19103F-16F7-4668-BE54-9A1E7A4F7556}") = "SN.Core", "SN.Core\SN.Core.csproj", "{C3C94591-4D1A-49E7-81C6-95B98E727B05}"
EndProject
Project("{9A19103F-16F7-4668-BE54-9A1E7A4F7556}") = "SN.Infrastructure", "SN.Infrastructure\SN.Infrastructure.csproj", "{DBE8EF8C-9481-4604-87DA-183F22161BC0}"
EndProject
Global
	GlobalSection(SolutionConfigurationPlatforms) = preSolution
		Debug|Any CPU = Debug|Any CPU
		Release|Any CPU = Release|Any CPU
	EndGlobalSection
	GlobalSection(ProjectConfigurationPlatforms) = postSolution
		{7AD5E4B9-D0CB-4547-A988-491B0D1FB5FB}.Debug|Any CPU.ActiveCfg = Debug|Any CPU
		{7AD5E4B9-D0CB-4547-A988-491B0D1FB5FB}.Debug|Any CPU.Build.0 = Debug|Any CPU
		{7AD5E4B9-D0CB-4547-A988-491B0D1FB5FB}.Release|Any CPU.ActiveCfg = Release|Any CPU
		{7AD5E4B9-D0CB-4547-A988-491B0D1FB5FB}.Release|Any CPU.Build.0 = Release|Any CPU
		{5900DAD9-8B41-498F-8377-AC1E44F18568}.Debug|Any CPU.ActiveCfg = Debug|Any CPU
		{5900DAD9-8B41-498F-8377-AC1E44F18568}.Debug|Any CPU.Build.0 = Debug|Any CPU
		{5900DAD9-8B41-498F-8377-AC1E44F18568}.Release|Any CPU.ActiveCfg = Release|Any CPU
		{5900DAD9-8B41-498F-8377-AC1E44F18568}.Release|Any CPU.Build.0 = Release|Any CPU
		{C3C94591-4D1A-49E7-81C6-95B98E727B05}.Debug|Any CPU.ActiveCfg = Debug|Any CPU
		{C3C94591-4D1A-49E7-81C6-95B98E727B05}.Debug|Any CPU.Build.0 = Debug|Any CPU
		{C3C94591-4D1A-49E7-81C6-95B98E727B05}.Release|Any CPU.ActiveCfg = Release|Any CPU
		{C3C94591-4D1A-49E7-81C6-95B98E727B05}.Release|Any CPU.Build.0 = Release|Any CPU
		{DBE8EF8C-9481-4604-87DA-183F22161BC0}.Debug|Any CPU.ActiveCfg = Debug|Any CPU
		{DBE8EF8C-9481-4604-87DA-183F22161BC0}.Debug|Any CPU.Build.0 = Debug|Any CPU
		{DBE8EF8C-9481-4604-87DA-183F22161BC0}.Release|Any CPU.ActiveCfg = Release|Any CPU
		{DBE8EF8C-9481-4604-87DA-183F22161BC0}.Release|Any CPU.Build.0 = Release|Any CPU
	EndGlobalSection
	GlobalSection(SolutionProperties) = preSolution
		HideSolutionNode = FALSE
	EndGlobalSection
	GlobalSection(ExtensibilityGlobals) = postSolution
		SolutionGuid = {29DB24E9-A87B-417A-A43A-49D936030F91}
	EndGlobalSection
EndGlobal
